
Microsoft Visual Studio Solution File, Format Version 11.00
# Visual Studio 2010
Project("{FAE04EC0-301F-11D3-BF4B-00C04F79EFBC}") = "FotoWeb", "FotoWeb\FotoWeb.csproj", "{B1709FBF-8B2F-44A5-82FB-2C517E4A2449}"
EndProject
Project("{FAE04EC0-301F-11D3-BF4B-00C04F79EFBC}") = "FotoWeb.Stories", "FotoWeb.Stories\FotoWeb.Stories.csproj", "{A202C2C2-6631-4297-A828-4FD047F4011D}"
EndProject
Global
	GlobalSection(SolutionConfigurationPlatforms) = preSolution
		Debug|Any CPU = Debug|Any CPU
		Release|Any CPU = Release|Any CPU
	EndGlobalSection
	GlobalSection(ProjectConfigurationPlatforms) = postSolution
		{B1709FBF-8B2F-44A5-82FB-2C517E4A2449}.Debug|Any CPU.ActiveCfg = Debug|Any CPU
		{B1709FBF-8B2F-44A5-82FB-2C517E4A2449}.Debug|Any CPU.Build.0 = Debug|Any CPU
		{B1709FBF-8B2F-44A5-82FB-2C517E4A2449}.Release|Any CPU.ActiveCfg = Release|Any CPU
		{B1709FBF-8B2F-44A5-82FB-2C517E4A2449}.Release|Any CPU.Build.0 = Release|Any CPU
		{A202C2C2-6631-4297-A828-4FD047F4011D}.Debug|Any CPU.ActiveCfg = Debug|Any CPU
		{A202C2C2-6631-4297-A828-4FD047F4011D}.Debug|Any CPU.Build.0 = Debug|Any CPU
		{A202C2C2-6631-4297-A828-4FD047F4011D}.Release|Any CPU.ActiveCfg = Release|Any CPU
		{A202C2C2-6631-4297-A828-4FD047F4011D}.Release|Any CPU.Build.0 = Release|Any CPU
	EndGlobalSection
	GlobalSection(SolutionProperties) = preSolution
		HideSolutionNode = FALSE
	EndGlobalSection
EndGlobal
